
Microsoft Visual Studio Solution File, Format Version 12.00
# Visual Studio Version 16
VisualStudioVersion = 16.0.29020.237
MinimumVisualStudioVersion = 10.0.40219.1
Project("{FAE04EC0-301F-11D3-BF4B-00C04F79EFBC}") = "ContactManager9029824", "ContactManager9029824\ContactManager9029824.csproj", "{33480F9D-B92D-4900-85AE-C69CD38302D3}"
EndProject
Global
	GlobalSection(SolutionConfigurationPlatforms) = preSolution
		Debug|Any CPU = Debug|Any CPU
		Release|Any CPU = Release|Any CPU
	EndGlobalSection
	GlobalSection(ProjectConfigurationPlatforms) = postSolution
		{33480F9D-B92D-4900-85AE-C69CD38302D3}.Debug|Any CPU.ActiveCfg = Debug|Any CPU
		{33480F9D-B92D-4900-85AE-C69CD38302D3}.Debug|Any CPU.Build.0 = Debug|Any CPU
		{33480F9D-B92D-4900-85AE-C69CD38302D3}.Release|Any CPU.ActiveCfg = Release|Any CPU
		{33480F9D-B92D-4900-85AE-C69CD38302D3}.Release|Any CPU.Build.0 = Release|Any CPU
	EndGlobalSection
	GlobalSection(SolutionProperties) = preSolution
		HideSolutionNode = FALSE
	EndGlobalSection
	GlobalSection(ExtensibilityGlobals) = postSolution
		SolutionGuid = {7DB621CF-06D2-4A31-91DB-8A69A640899A}
	EndGlobalSection
EndGlobal
